// !$*UTF8*$!
{
	archiveVersion = 1;
	classes = {
	};
	objectVersion = 77;
	objects = {

/* Begin PBXBuildFile section */
		CDDEDBED2DAB2AB600AE935F /* Kingfisher in Frameworks */ = {isa = PBXBuildFile; productRef = CDDEDBEC2DAB2AB600AE935F /* Kingfisher */; };
/* End PBXBuildFile section */

/* Begin PBXContainerItemProxy section */
		CDDEDB722DAAD67A00AE935F /* PBXContainerItemProxy */ = {
			isa = PBXContainerItemProxy;
			containerPortal = CDDEDB502DAAD67800AE935F /* Project object */;
			proxyType = 1;
			remoteGlobalIDString = CDDEDB572DAAD67800AE935F;
			remoteInfo = Test390Technology;
		};
		CDDEDB7C2DAAD67A00AE935F /* PBXContainerItemProxy */ = {
			isa = PBXContainerItemProxy;
			containerPortal = CDDEDB502DAAD67800AE935F /* Project object */;
			proxyType = 1;
			remoteGlobalIDString = CDDEDB572DAAD67800AE935F;
			remoteInfo = Test390Technology;
		};
/* End PBXContainerItemProxy section */

/* Begin PBXFileReference section */
		CDDEDB582DAAD67800AE935F /* Test390Technology.app */ = {isa = PBXFileReference; explicitFileType = wrapper.application; includeInIndex = 0; path = Test390Technology.app; sourceTree = BUILT_PRODUCTS_DIR; };
		CDDEDB712DAAD67A00AE935F /* Test390TechnologyTests.xctest */ = {isa = PBXFileReference; explicitFileType = wrapper.cfbundle; includeInIndex = 0; path = Test390TechnologyTests.xctest; sourceTree = BUILT_PRODUCTS_DIR; };
		CDDEDB7B2DAAD67A00AE935F /* Test390TechnologyUITests.xctest */ = {isa = PBXFileReference; explicitFileType = wrapper.cfbundle; includeInIndex = 0; path = Test390TechnologyUITests.xctest; sourceTree = BUILT_PRODUCTS_DIR; };
/* End PBXFileReference section */

/* Begin PBXFileSystemSynchronizedBuildFileExceptionSet section */
		CDB9A78B2DACB775004B5D5D /* Exceptions for "Test390Technology" folder in "Test390Technology" target */ = {
			isa = PBXFileSystemSynchronizedBuildFileExceptionSet;
			membershipExceptions = (
				Info.plist,
			);
			target = CDDEDB572DAAD67800AE935F /* Test390Technology */;
		};
/* End PBXFileSystemSynchronizedBuildFileExceptionSet section */

/* Begin PBXFileSystemSynchronizedRootGroup section */
		CDDEDB5A2DAAD67800AE935F /* Test390Technology */ = {
			isa = PBXFileSystemSynchronizedRootGroup;
			exceptions = (
				CDB9A78B2DACB775004B5D5D /* Exceptions for "Test390Technology" folder in "Test390Technology" target */,
			);
			path = Test390Technology;
			sourceTree = "<group>";
		};
		CDDEDB742DAAD67A00AE935F /* Test390TechnologyTests */ = {
			isa = PBXFileSystemSynchronizedRootGroup;
			path = Test390TechnologyTests;
			sourceTree = "<group>";
		};
		CDDEDB7E2DAAD67A00AE935F /* Test390TechnologyUITests */ = {
			isa = PBXFileSystemSynchronizedRootGroup;
			path = Test390TechnologyUITests;
			sourceTree = "<group>";
		};
/* End PBXFileSystemSynchronizedRootGroup section */

/* Begin PBXFrameworksBuildPhase section */
		CDDEDB552DAAD67800AE935F /* Frameworks */ = {
			isa = PBXFrameworksBuildPhase;
			buildActionMask = 2147483647;
			files = (
				CDDEDBED2DAB2AB600AE935F /* Kingfisher in Frameworks */,
			);
			runOnlyForDeploymentPostprocessing = 0;
		};
		CDDEDB6E2DAAD67A00AE935F /* Frameworks */ = {
			isa = PBXFrameworksBuildPhase;
			buildActionMask = 2147483647;
			files = (
			);
			runOnlyForDeploymentPostprocessing = 0;
		};
		CDDEDB782DAAD67A00AE935F /* Frameworks */ = {
			isa = PBXFrameworksBuildPhase;
			buildActionMask = 2147483647;
			files = (
			);
			runOnlyForDeploymentPostprocessing = 0;
		};
/* End PBXFrameworksBuildPhase section */

/* Begin PBXGroup section */
		CDDEDB4F2DAAD67800AE935F = {
			isa = PBXGroup;
			children = (
				CDDEDB5A2DAAD67800AE935F /* Test390Technology */,
				CDDEDB742DAAD67A00AE935F /* Test390TechnologyTests */,
				CDDEDB7E2DAAD67A00AE935F /* Test390TechnologyUITests */,
				CDDEDBEB2DAB2AB600AE935F /* Frameworks */,
				CDDEDB592DAAD67800AE935F /* Products */,
			);
			sourceTree = "<group>";
		};
		CDDEDB592DAAD67800AE935F /* Products */ = {
			isa = PBXGroup;
			children = (
				CDDEDB582DAAD67800AE935F /* Test390Technology.app */,
				CDDEDB712DAAD67A00AE935F /* Test390TechnologyTests.xctest */,
				CDDEDB7B2DAAD67A00AE935F /* Test390TechnologyUITests.xctest */,
			);
			name = Products;
			sourceTree = "<group>";
		};
		CDDEDBEB2DAB2AB600AE935F /* Frameworks */ = {
			isa = PBXGroup;
			children = (
			);
			name = Frameworks;
			sourceTree = "<group>";
		};
/* End PBXGroup section */

/* Begin PBXNativeTarget section */
		CDDEDB572DAAD67800AE935F /* Test390Technology */ = {
			isa = PBXNativeTarget;
			buildConfigurationList = CDDEDB842DAAD67A00AE935F /* Build configuration list for PBXNativeTarget "Test390Technology" */;
			buildPhases = (
				CDDEDB542DAAD67800AE935F /* Sources */,
				CDDEDB552DAAD67800AE935F /* Frameworks */,
				CDDEDB562DAAD67800AE935F /* Resources */,
			);
			buildRules = (
			);
			dependencies = (
			);
			fileSystemSynchronizedGroups = (
				CDDEDB5A2DAAD67800AE935F /* Test390Technology */,
			);
			name = Test390Technology;
			packageProductDependencies = (
				CDDEDBEC2DAB2AB600AE935F /* Kingfisher */,
			);
			productName = Test390Technology;
			productReference = CDDEDB582DAAD67800AE935F /* Test390Technology.app */;
			productType = "com.apple.product-type.application";
		};
		CDDEDB702DAAD67A00AE935F /* Test390TechnologyTests */ = {
			isa = PBXNativeTarget;
			buildConfigurationList = CDDEDB892DAAD67A00AE935F /* Build configuration list for PBXNativeTarget "Test390TechnologyTests" */;
			buildPhases = (
				CDDEDB6D2DAAD67A00AE935F /* Sources */,
				CDDEDB6E2DAAD67A00AE935F /* Frameworks */,
				CDDEDB6F2DAAD67A00AE935F /* Resources */,
			);
			buildRules = (
			);
			dependencies = (
				CDDEDB732DAAD67A00AE935F /* PBXTargetDependency */,
			);
			fileSystemSynchronizedGroups = (
				CDDEDB742DAAD67A00AE935F /* Test390TechnologyTests */,
			);
			name = Test390TechnologyTests;
			packageProductDependencies = (
			);
			productName = Test390TechnologyTests;
			productReference = CDDEDB712DAAD67A00AE935F /* Test390TechnologyTests.xctest */;
			productType = "com.apple.product-type.bundle.unit-test";
		};
		CDDEDB7A2DAAD67A00AE935F /* Test390TechnologyUITests */ = {
			isa = PBXNativeTarget;
			buildConfigurationList = CDDEDB8C2DAAD67A00AE935F /* Build configuration list for PBXNativeTarget "Test390TechnologyUITests" */;
			buildPhases = (
				CDDEDB772DAAD67A00AE935F /* Sources */,
				CDDEDB782DAAD67A00AE935F /* Frameworks */,
				CDDEDB792DAAD67A00AE935F /* Resources */,
			);
			buildRules = (
			);
			dependencies = (
				CDDEDB7D2DAAD67A00AE935F /* PBXTargetDependency */,
			);
			fileSystemSynchronizedGroups = (
				CDDEDB7E2DAAD67A00AE935F /* Test390TechnologyUITests */,
			);
			name = Test390TechnologyUITests;
			packageProductDependencies = (
			);
			productName = Test390TechnologyUITests;
			productReference = CDDEDB7B2DAAD67A00AE935F /* Test390TechnologyUITests.xctest */;
			productType = "com.apple.product-type.bundle.ui-testing";
		};
/* End PBXNativeTarget section */

/* Begin PBXProject section */
		CDDEDB502DAAD67800AE935F /* Project object */ = {
			isa = PBXProject;
			attributes = {
				BuildIndependentTargetsInParallel = 1;
				LastSwiftUpdateCheck = 1630;
				LastUpgradeCheck = 1630;
				TargetAttributes = {
					CDDEDB572DAAD67800AE935F = {
						CreatedOnToolsVersion = 16.3;
					};
					CDDEDB702DAAD67A00AE935F = {
						CreatedOnToolsVersion = 16.3;
						TestTargetID = CDDEDB572DAAD67800AE935F;
					};
					CDDEDB7A2DAAD67A00AE935F = {
						CreatedOnToolsVersion = 16.3;
						TestTargetID = CDDEDB572DAAD67800AE935F;
					};
				};
			};
			buildConfigurationList = CDDEDB532DAAD67800AE935F /* Build configuration list for PBXProject "Test390Technology" */;
			developmentRegion = en;
			hasScannedForEncodings = 0;
			knownRegions = (
				en,
				Base,
			);
			mainGroup = CDDEDB4F2DAAD67800AE935F;
			minimizedProjectReferenceProxies = 1;
			packageReferences = (
				CDDEDBE02DAB1B1500AE935F /* XCRemoteSwiftPackageReference "Kingfisher" */,
			);
			preferredProjectObjectVersion = 77;
			productRefGroup = CDDEDB592DAAD67800AE935F /* Products */;
			projectDirPath = "";
			projectRoot = "";
			targets = (
				CDDEDB572DAAD67800AE935F /* Test390Technology */,
				CDDEDB702DAAD67A00AE935F /* Test390TechnologyTests */,
				CDDEDB7A2DAAD67A00AE935F /* Test390TechnologyUITests */,
			);
		};
/* End PBXProject section */

/* Begin PBXResourcesBuildPhase section */
		CDDEDB562DAAD67800AE935F /* Resources */ = {
			isa = PBXResourcesBuildPhase;
			buildActionMask = 2147483647;
			files = (
			);
			runOnlyForDeploymentPostprocessing = 0;
		};
		CDDEDB6F2DAAD67A00AE935F /* Resources */ = {
			isa = PBXResourcesBuildPhase;
			buildActionMask = 2147483647;
			files = (
			);
			runOnlyForDeploymentPostprocessing = 0;
		};
		CDDEDB792DAAD67A00AE935F /* Resources */ = {
			isa = PBXResourcesBuildPhase;
			buildActionMask = 2147483647;
			files = (
			);
			runOnlyForDeploymentPostprocessing = 0;
		};
/* End PBXResourcesBuildPhase section */

/* Begin PBXSourcesBuildPhase section */
		CDDEDB542DAAD67800AE935F /* Sources */ = {
			isa = PBXSourcesBuildPhase;
			buildActionMask = 2147483647;
			files = (
			);
			runOnlyForDeploymentPostprocessing = 0;
		};
		CDDEDB6D2DAAD67A00AE935F /* Sources */ = {
			isa = PBXSourcesBuildPhase;
			buildActionMask = 2147483647;
			files = (
			);
			runOnlyForDeploymentPostprocessing = 0;
		};
		CDDEDB772DAAD67A00AE935F /* Sources */ = {
			isa = PBXSourcesBuildPhase;
			buildActionMask = 2147483647;
			files = (
			);
			runOnlyForDeploymentPostprocessing = 0;
		};
/* End PBXSourcesBuildPhase section */

/* Begin PBXTargetDependency section */
		CDDEDB732DAAD67A00AE935F /* PBXTargetDependency */ = {
			isa = PBXTargetDependency;
			target = CDDEDB572DAAD67800AE935F /* Test390Technology */;
			targetProxy = CDDEDB722DAAD67A00AE935F /* PBXContainerItemProxy */;
		};
		CDDEDB7D2DAAD67A00AE935F /* PBXTargetDependency */ = {
			isa = PBXTargetDependency;
			target = CDDEDB572DAAD67800AE935F /* Test390Technology */;
			targetProxy = CDDEDB7C2DAAD67A00AE935F /* PBXContainerItemProxy */;
		};
/* End PBXTargetDependency section */

/* Begin XCBuildConfiguration section */
		CDDEDB852DAAD67A00AE935F /* Debug */ = {
			isa = XCBuildConfiguration;
			buildSettings = {
				ASSETCATALOG_COMPILER_APPICON_NAME = AppIcon;
				ASSETCATALOG_COMPILER_GLOBAL_ACCENT_COLOR_NAME = AccentColor;
				CODE_SIGN_STYLE = Automatic;
				CURRENT_PROJECT_VERSION = 1;
				GENERATE_INFOPLIST_FILE = YES;
				INFOPLIST_FILE = Test390Technology/Info.plist;
				INFOPLIST_KEY_LSApplicationCategoryType = "public.app-category.news";
				INFOPLIST_KEY_UIApplicationSupportsIndirectInputEvents = YES;
				INFOPLIST_KEY_UILaunchStoryboardName = LaunchScreen;
				INFOPLIST_KEY_UIMainStoryboardFile = "";
				INFOPLIST_KEY_UISupportedInterfaceOrientations = UIInterfaceOrientationPortrait;
				INFOPLIST_KEY_UISupportedInterfaceOrientations_iPad = "UIInterfaceOrientationLandscapeLeft UIInterfaceOrientationLandscapeRight UIInterfaceOrientationPortrait";
				IPHONEOS_DEPLOYMENT_TARGET = 17.6;
				LD_RUNPATH_SEARCH_PATHS = (
					"$(inherited)",
					"@executable_path/Frameworks",
				);
				MARKETING_VERSION = 1.0;
				PRODUCT_BUNDLE_IDENTIFIER = Laborit.Test390Technology;
				PRODUCT_NAME = "$(TARGET_NAME)";
				SWIFT_EMIT_LOC_STRINGS = YES;
				SWIFT_VERSION = 5.0;
				TARGETED_DEVICE_FAMILY = "1,2";
			};
			name = Debug;
		};
		CDDEDB862DAAD67A00AE935F /* Release */ = {
			isa = XCBuildConfiguration;
			buildSettings = {
				ASSETCATALOG_COMPILER_APPICON_NAME = AppIcon;
				ASSETCATALOG_COMPILER_GLOBAL_ACCENT_COLOR_NAME = AccentColor;
				CODE_SIGN_STYLE = Automatic;
				CURRENT_PROJECT_VERSION = 1;
				GENERATE_INFOPLIST_FILE = YES;
				INFOPLIST_FILE = Test390Technology/Info.plist;
				INFOPLIST_KEY_LSApplicationCategoryType = "public.app-category.news";
				INFOPLIST_KEY_UIApplicationSupportsIndirectInputEvents = YES;
				INFOPLIST_KEY_UILaunchStoryboardName = LaunchScreen;
				INFOPLIST_KEY_UIMainStoryboardFile = "";
				INFOPLIST_KEY_UISupportedInterfaceOrientations = UIInterfaceOrientationPortrait;
				INFOPLIST_KEY_UISupportedInterfaceOrientations_iPad = "UIInterfaceOrientationLandscapeLeft UIInterfaceOrientationLandscapeRight UIInterfaceOrientationPortrait";
				IPHONEOS_DEPLOYMENT_TARGET = 17.6;
				LD_RUNPATH_SEARCH_PATHS = (
					"$(inherited)",
					"@executable_path/Frameworks",
				);
				MARKETING_VERSION = 1.0;
				PRODUCT_BUNDLE_IDENTIFIER = Laborit.Test390Technology;
				PRODUCT_NAME = "$(TARGET_NAME)";
				SWIFT_EMIT_LOC_STRINGS = YES;
				SWIFT_VERSION = 5.0;
				TARGETED_DEVICE_FAMILY = "1,2";
			};
			name = Release;
		};
		CDDEDB872DAAD67A00AE935F /* Debug */ = {
			isa = XCBuildConfiguration;
			buildSettings = {
				ALWAYS_SEARCH_USER_PATHS = NO;
				ASSETCATALOG_COMPILER_GENERATE_SWIFT_ASSET_SYMBOL_EXTENSIONS = YES;
				CLANG_ANALYZER_NONNULL = YES;
				CLANG_ANALYZER_NUMBER_OBJECT_CONVERSION = YES_AGGRESSIVE;
				CLANG_CXX_LANGUAGE_STANDARD = "gnu++20";
				CLANG_ENABLE_MODULES = YES;
				CLANG_ENABLE_OBJC_ARC = YES;
				CLANG_ENABLE_OBJC_WEAK = YES;
				CLANG_WARN_BLOCK_CAPTURE_AUTORELEASING = YES;
				CLANG_WARN_BOOL_CONVERSION = YES;
				CLANG_WARN_COMMA = YES;
				CLANG_WARN_CONSTANT_CONVERSION = YES;
				CLANG_WARN_DEPRECATED_OBJC_IMPLEMENTATIONS = YES;
				CLANG_WARN_DIRECT_OBJC_ISA_USAGE = YES_ERROR;
				CLANG_WARN_DOCUMENTATION_COMMENTS = YES;
				CLANG_WARN_EMPTY_BODY = YES;
				CLANG_WARN_ENUM_CONVERSION = YES;
				CLANG_WARN_INFINITE_RECURSION = YES;
				CLANG_WARN_INT_CONVERSION = YES;
				CLANG_WARN_NON_LITERAL_NULL_CONVERSION = YES;
				CLANG_WARN_OBJC_IMPLICIT_RETAIN_SELF = YES;
				CLANG_WARN_OBJC_LITERAL_CONVERSION = YES;
				CLANG_WARN_OBJC_ROOT_CLASS = YES_ERROR;
				CLANG_WARN_QUOTED_INCLUDE_IN_FRAMEWORK_HEADER = YES;
				CLANG_WARN_RANGE_LOOP_ANALYSIS = YES;
				CLANG_WARN_STRICT_PROTOTYPES = YES;
				CLANG_WARN_SUSPICIOUS_MOVE = YES;
				CLANG_WARN_UNGUARDED_AVAILABILITY = YES_AGGRESSIVE;
				CLANG_WARN_UNREACHABLE_CODE = YES;
				CLANG_WARN__DUPLICATE_METHOD_MATCH = YES;
				COPY_PHASE_STRIP = NO;
				DEBUG_INFORMATION_FORMAT = dwarf;
				ENABLE_STRICT_OBJC_MSGSEND = YES;
				ENABLE_TESTABILITY = YES;
				ENABLE_USER_SCRIPT_SANDBOXING = YES;
				GCC_C_LANGUAGE_STANDARD = gnu17;
				GCC_DYNAMIC_NO_PIC = NO;
				GCC_NO_COMMON_BLOCKS = YES;
				GCC_OPTIMIZATION_LEVEL = 0;
				GCC_PREPROCESSOR_DEFINITIONS = (
					"DEBUG=1",
					"$(inherited)",
				);
				GCC_WARN_64_TO_32_BIT_CONVERSION = YES;
				GCC_WARN_ABOUT_RETURN_TYPE = YES_ERROR;
				GCC_WARN_UNDECLARED_SELECTOR = YES;
				GCC_WARN_UNINITIALIZED_AUTOS = YES_AGGRESSIVE;
				GCC_WARN_UNUSED_FUNCTION = YES;
				GCC_WARN_UNUSED_VARIABLE = YES;
				IPHONEOS_DEPLOYMENT_TARGET = 18.4;
				LOCALIZATION_PREFERS_STRING_CATALOGS = YES;
				MTL_ENABLE_DEBUG_INFO = INCLUDE_SOURCE;
				MTL_FAST_MATH = YES;
				ONLY_ACTIVE_ARCH = YES;
				SDKROOT = iphoneos;
				SWIFT_ACTIVE_COMPILATION_CONDITIONS = "DEBUG $(inherited)";
				SWIFT_OPTIMIZATION_LEVEL = "-Onone";
			};
			name = Debug;
		};
		CDDEDB882DAAD67A00AE935F /* Release */ = {
			isa = XCBuildConfiguration;
			buildSettings = {
				ALWAYS_SEARCH_USER_PATHS = NO;
				ASSETCATALOG_COMPILER_GENERATE_SWIFT_ASSET_SYMBOL_EXTENSIONS = YES;
				CLANG_ANALYZER_NONNULL = YES;
				CLANG_ANALYZER_NUMBER_OBJECT_CONVERSION = YES_AGGRESSIVE;
				CLANG_CXX_LANGUAGE_STANDARD = "gnu++20";
				CLANG_ENABLE_MODULES = YES;
				CLANG_ENABLE_OBJC_ARC = YES;
				CLANG_ENABLE_OBJC_WEAK = YES;
				CLANG_WARN_BLOCK_CAPTURE_AUTORELEASING = YES;
				CLANG_WARN_BOOL_CONVERSION = YES;
				CLANG_WARN_COMMA = YES;
				CLANG_WARN_CONSTANT_CONVERSION = YES;
				CLANG_WARN_DEPRECATED_OBJC_IMPLEMENTATIONS = YES;
				CLANG_WARN_DIRECT_OBJC_ISA_USAGE = YES_ERROR;
				CLANG_WARN_DOCUMENTATION_COMMENTS = YES;
				CLANG_WARN_EMPTY_BODY = YES;
				CLANG_WARN_ENUM_CONVERSION = YES;
				CLANG_WARN_INFINITE_RECURSION = YES;
				CLANG_WARN_INT_CONVERSION = YES;
				CLANG_WARN_NON_LITERAL_NULL_CONVERSION = YES;
				CLANG_WARN_OBJC_IMPLICIT_RETAIN_SELF = YES;
				CLANG_WARN_OBJC_LITERAL_CONVERSION = YES;
				CLANG_WARN_OBJC_ROOT_CLASS = YES_ERROR;
				CLANG_WARN_QUOTED_INCLUDE_IN_FRAMEWORK_HEADER = YES;
				CLANG_WARN_RANGE_LOOP_ANALYSIS = YES;
				CLANG_WARN_STRICT_PROTOTYPES = YES;
				CLANG_WARN_SUSPICIOUS_MOVE = YES;
				CLANG_WARN_UNGUARDED_AVAILABILITY = YES_AGGRESSIVE;
				CLANG_WARN_UNREACHABLE_CODE = YES;
				CLANG_WARN__DUPLICATE_METHOD_MATCH = YES;
				COPY_PHASE_STRIP = NO;
				DEBUG_INFORMATION_FORMAT = "dwarf-with-dsym";
				ENABLE_NS_ASSERTIONS = NO;
				ENABLE_STRICT_OBJC_MSGSEND = YES;
				ENABLE_USER_SCRIPT_SANDBOXING = YES;
				GCC_C_LANGUAGE_STANDARD = gnu17;
				GCC_NO_COMMON_BLOCKS = YES;
				GCC_WARN_64_TO_32_BIT_CONVERSION = YES;
				GCC_WARN_ABOUT_RETURN_TYPE = YES_ERROR;
				GCC_WARN_UNDECLARED_SELECTOR = YES;
				GCC_WARN_UNINITIALIZED_AUTOS = YES_AGGRESSIVE;
				GCC_WARN_UNUSED_FUNCTION = YES;
				GCC_WARN_UNUSED_VARIABLE = YES;
				IPHONEOS_DEPLOYMENT_TARGET = 18.4;
				LOCALIZATION_PREFERS_STRING_CATALOGS = YES;
				MTL_ENABLE_DEBUG_INFO = NO;
				MTL_FAST_MATH = YES;
				SDKROOT = iphoneos;
				SWIFT_COMPILATION_MODE = wholemodule;
				VALIDATE_PRODUCT = YES;
			};
			name = Release;
		};
		CDDEDB8A2DAAD67A00AE935F /* Debug */ = {
			isa = XCBuildConfiguration;
			buildSettings = {
				BUNDLE_LOADER = "$(TEST_HOST)";
				CODE_SIGN_STYLE = Automatic;
				CURRENT_PROJECT_VERSION = 1;
				GENERATE_INFOPLIST_FILE = YES;
				IPHONEOS_DEPLOYMENT_TARGET = 18.4;
				MARKETING_VERSION = 1.0;
				PRODUCT_BUNDLE_IDENTIFIER = Laborit.Test390TechnologyTests;
				PRODUCT_NAME = "$(TARGET_NAME)";
				SWIFT_EMIT_LOC_STRINGS = NO;
				SWIFT_VERSION = 5.0;
				TARGETED_DEVICE_FAMILY = "1,2";
				TEST_HOST = "$(BUILT_PRODUCTS_DIR)/Test390Technology.app/$(BUNDLE_EXECUTABLE_FOLDER_PATH)/Test390Technology";
			};
			name = Debug;
		};
		CDDEDB8B2DAAD67A00AE935F /* Release */ = {
			isa = XCBuildConfiguration;
			buildSettings = {
				BUNDLE_LOADER = "$(TEST_HOST)";
				CODE_SIGN_STYLE = Automatic;
				CURRENT_PROJECT_VERSION = 1;
				GENERATE_INFOPLIST_FILE = YES;
				IPHONEOS_DEPLOYMENT_TARGET = 18.4;
				MARKETING_VERSION = 1.0;
				PRODUCT_BUNDLE_IDENTIFIER = Laborit.Test390TechnologyTests;
				PRODUCT_NAME = "$(TARGET_NAME)";
				SWIFT_EMIT_LOC_STRINGS = NO;
				SWIFT_VERSION = 5.0;
				TARGETED_DEVICE_FAMILY = "1,2";
				TEST_HOST = "$(BUILT_PRODUCTS_DIR)/Test390Technology.app/$(BUNDLE_EXECUTABLE_FOLDER_PATH)/Test390Technology";
			};
			name = Release;
		};
		CDDEDB8D2DAAD67A00AE935F /* Debug */ = {
			isa = XCBuildConfiguration;
			buildSettings = {
				CODE_SIGN_STYLE = Automatic;
				CURRENT_PROJECT_VERSION = 1;
				GENERATE_INFOPLIST_FILE = YES;
				MARKETING_VERSION = 1.0;
				PRODUCT_BUNDLE_IDENTIFIER = Laborit.Test390TechnologyUITests;
				PRODUCT_NAME = "$(TARGET_NAME)";
				SWIFT_EMIT_LOC_STRINGS = NO;
				SWIFT_VERSION = 5.0;
				TARGETED_DEVICE_FAMILY = "1,2";
				TEST_TARGET_NAME = Test390Technology;
			};
			name = Debug;
		};
		CDDEDB8E2DAAD67A00AE935F /* Release */ = {
			isa = XCBuildConfiguration;
			buildSettings = {
				CODE_SIGN_STYLE = Automatic;
				CURRENT_PROJECT_VERSION = 1;
				GENERATE_INFOPLIST_FILE = YES;
				MARKETING_VERSION = 1.0;
				PRODUCT_BUNDLE_IDENTIFIER = Laborit.Test390TechnologyUITests;
				PRODUCT_NAME = "$(TARGET_NAME)";
				SWIFT_EMIT_LOC_STRINGS = NO;
				SWIFT_VERSION = 5.0;
				TARGETED_DEVICE_FAMILY = "1,2";
				TEST_TARGET_NAME = Test390Technology;
			};
			name = Release;
		};
/* End XCBuildConfiguration section */

/* Begin XCConfigurationList section */
		CDDEDB532DAAD67800AE935F /* Build configuration list for PBXProject "Test390Technology" */ = {
			isa = XCConfigurationList;
			buildConfigurations = (
				CDDEDB872DAAD67A00AE935F /* Debug */,
				CDDEDB882DAAD67A00AE935F /* Release */,
			);
			defaultConfigurationIsVisible = 0;
			defaultConfigurationName = Release;
		};
		CDDEDB842DAAD67A00AE935F /* Build configuration list for PBXNativeTarget "Test390Technology" */ = {
			isa = XCConfigurationList;
			buildConfigurations = (
				CDDEDB852DAAD67A00AE935F /* Debug */,
				CDDEDB862DAAD67A00AE935F /* Release */,
			);
			defaultConfigurationIsVisible = 0;
			defaultConfigurationName = Release;
		};
		CDDEDB892DAAD67A00AE935F /* Build configuration list for PBXNativeTarget "Test390TechnologyTests" */ = {
			isa = XCConfigurationList;
			buildConfigurations = (
				CDDEDB8A2DAAD67A00AE935F /* Debug */,
				CDDEDB8B2DAAD67A00AE935F /* Release */,
			);
			defaultConfigurationIsVisible = 0;
			defaultConfigurationName = Release;
		};
		CDDEDB8C2DAAD67A00AE935F /* Build configuration list for PBXNativeTarget "Test390TechnologyUITests" */ = {
			isa = XCConfigurationList;
			buildConfigurations = (
				CDDEDB8D2DAAD67A00AE935F /* Debug */,
				CDDEDB8E2DAAD67A00AE935F /* Release */,
			);
			defaultConfigurationIsVisible = 0;
			defaultConfigurationName = Release;
		};
/* End XCConfigurationList section */

/* Begin XCRemoteSwiftPackageReference section */
		CDDEDBE02DAB1B1500AE935F /* XCRemoteSwiftPackageReference "Kingfisher" */ = {
			isa = XCRemoteSwiftPackageReference;
			repositoryURL = "https://github.com/onevcat/Kingfisher.git";
			requirement = {
				kind = upToNextMajorVersion;
				minimumVersion = 8.3.2;
			};
		};
/* End XCRemoteSwiftPackageReference section */

/* Begin XCSwiftPackageProductDependency section */
		CDDEDBEC2DAB2AB600AE935F /* Kingfisher */ = {
			isa = XCSwiftPackageProductDependency;
			package = CDDEDBE02DAB1B1500AE935F /* XCRemoteSwiftPackageReference "Kingfisher" */;
			productName = Kingfisher;
		};
/* End XCSwiftPackageProductDependency section */
	};
	rootObject = CDDEDB502DAAD67800AE935F /* Project object */;
}
